
Microsoft Visual Studio Solution File, Format Version 12.00
# Visual Studio Version 17
VisualStudioVersion = 17.7.34024.191
MinimumVisualStudioVersion = 10.0.40219.1
Project("{9A19103F-16F7-4668-BE54-9A1E7A4F7556}") = "MedicalStaff.WebService", "MedicalStaff.WebService\MedicalStaff.WebService.csproj", "{5FD0465C-4DC7-4576-AF4E-ADD4D8482A56}"
EndProject
Project("{9A19103F-16F7-4668-BE54-9A1E7A4F7556}") = "MedicalStaff.Tests", "MedicalStaff.Tests\MedicalStaff.Tests.csproj", "{CFDF6A38-022F-4CD8-834B-D746BAF2C8A6}"
EndProject
Project("{2150E333-8FDC-42A3-9474-1A3956D46DE8}") = "MedStaff.Microservices", "MedStaff.Microservices", "{389CB236-42BE-43E5-ADC4-9D482DD8FDEB}"
EndProject
Project("{FAE04EC0-301F-11D3-BF4B-00C04F79EFBC}") = "MedStaff.DaS.Communicator", "MedStaff.DaS.Communicator\MedStaff.DaS.Communicator.csproj", "{DEDE180A-C32C-46E1-A78F-2D3C94426139}"
EndProject
Project("{FAE04EC0-301F-11D3-BF4B-00C04F79EFBC}") = "MedStaff.PaS.Communicator", "MedStaff.PaS.Communicator\MedStaff.PaS.Communicator.csproj", "{800659A2-3A36-4DB0-A7C0-35AEF45B83C5}"
EndProject
Project("{FAE04EC0-301F-11D3-BF4B-00C04F79EFBC}") = "MedStaff.ReS.Communicator", "MedStaff.ReS.Communicator\MedStaff.ReS.Communicator.csproj", "{DBF9E297-3A89-4DFB-AD56-4FDADBD3FCB3}"
EndProject
Global
	GlobalSection(SolutionConfigurationPlatforms) = preSolution
		Debug|Any CPU = Debug|Any CPU
		Release|Any CPU = Release|Any CPU
	EndGlobalSection
	GlobalSection(ProjectConfigurationPlatforms) = postSolution
		{5FD0465C-4DC7-4576-AF4E-ADD4D8482A56}.Debug|Any CPU.ActiveCfg = Debug|Any CPU
		{5FD0465C-4DC7-4576-AF4E-ADD4D8482A56}.Debug|Any CPU.Build.0 = Debug|Any CPU
		{5FD0465C-4DC7-4576-AF4E-ADD4D8482A56}.Release|Any CPU.ActiveCfg = Release|Any CPU
		{5FD0465C-4DC7-4576-AF4E-ADD4D8482A56}.Release|Any CPU.Build.0 = Release|Any CPU
		{CFDF6A38-022F-4CD8-834B-D746BAF2C8A6}.Debug|Any CPU.ActiveCfg = Debug|Any CPU
		{CFDF6A38-022F-4CD8-834B-D746BAF2C8A6}.Debug|Any CPU.Build.0 = Debug|Any CPU
		{CFDF6A38-022F-4CD8-834B-D746BAF2C8A6}.Release|Any CPU.ActiveCfg = Release|Any CPU
		{CFDF6A38-022F-4CD8-834B-D746BAF2C8A6}.Release|Any CPU.Build.0 = Release|Any CPU
		{DEDE180A-C32C-46E1-A78F-2D3C94426139}.Debug|Any CPU.ActiveCfg = Debug|Any CPU
		{DEDE180A-C32C-46E1-A78F-2D3C94426139}.Debug|Any CPU.Build.0 = Debug|Any CPU
		{DEDE180A-C32C-46E1-A78F-2D3C94426139}.Release|Any CPU.ActiveCfg = Release|Any CPU
		{DEDE180A-C32C-46E1-A78F-2D3C94426139}.Release|Any CPU.Build.0 = Release|Any CPU
		{800659A2-3A36-4DB0-A7C0-35AEF45B83C5}.Debug|Any CPU.ActiveCfg = Debug|Any CPU
		{800659A2-3A36-4DB0-A7C0-35AEF45B83C5}.Debug|Any CPU.Build.0 = Debug|Any CPU
		{800659A2-3A36-4DB0-A7C0-35AEF45B83C5}.Release|Any CPU.ActiveCfg = Release|Any CPU
		{800659A2-3A36-4DB0-A7C0-35AEF45B83C5}.Release|Any CPU.Build.0 = Release|Any CPU
		{DBF9E297-3A89-4DFB-AD56-4FDADBD3FCB3}.Debug|Any CPU.ActiveCfg = Debug|Any CPU
		{DBF9E297-3A89-4DFB-AD56-4FDADBD3FCB3}.Debug|Any CPU.Build.0 = Debug|Any CPU
		{DBF9E297-3A89-4DFB-AD56-4FDADBD3FCB3}.Release|Any CPU.ActiveCfg = Release|Any CPU
		{DBF9E297-3A89-4DFB-AD56-4FDADBD3FCB3}.Release|Any CPU.Build.0 = Release|Any CPU
	EndGlobalSection
	GlobalSection(SolutionProperties) = preSolution
		HideSolutionNode = FALSE
	EndGlobalSection
	GlobalSection(NestedProjects) = preSolution
		{DEDE180A-C32C-46E1-A78F-2D3C94426139} = {389CB236-42BE-43E5-ADC4-9D482DD8FDEB}
		{800659A2-3A36-4DB0-A7C0-35AEF45B83C5} = {389CB236-42BE-43E5-ADC4-9D482DD8FDEB}
		{DBF9E297-3A89-4DFB-AD56-4FDADBD3FCB3} = {389CB236-42BE-43E5-ADC4-9D482DD8FDEB}
	EndGlobalSection
	GlobalSection(ExtensibilityGlobals) = postSolution
		SolutionGuid = {CE42035B-013E-4FE3-824A-4B61C131DBCF}
	EndGlobalSection
EndGlobal
