
Microsoft Visual Studio Solution File, Format Version 12.00
# Visual Studio Version 17
VisualStudioVersion = 17.7.34024.191
MinimumVisualStudioVersion = 10.0.40219.1
Project("{9A19103F-16F7-4668-BE54-9A1E7A4F7556}") = "MedicalStaff.WebService", "MedicalStaff.WebService\MedicalStaff.WebService.csproj", "{5FD0465C-4DC7-4576-AF4E-ADD4D8482A56}"
EndProject
Project("{9A19103F-16F7-4668-BE54-9A1E7A4F7556}") = "MedicalStaff.Tests", "MedicalStaff.Tests\MedicalStaff.Tests.csproj", "{CFDF6A38-022F-4CD8-834B-D746BAF2C8A6}"
EndProject
Project("{2150E333-8FDC-42A3-9474-1A3956D46DE8}") = "MedStaff.Microservices", "MedStaff.Microservices", "{389CB236-42BE-43E5-ADC4-9D482DD8FDEB}"
EndProject
Project("{FAE04EC0-301F-11D3-BF4B-00C04F79EFBC}") = "MedStaff.DaS.Communicator", "MedStaff.DaS.Communicator\MedStaff.DaS.Communicator.csproj", "{DEDE180A-C32C-46E1-A78F-2D3C94426139}"
EndProject
Project("{FAE04EC0-301F-11D3-BF4B-00C04F79EFBC}") = "MedStaff.PaS.Communicator", "MedStaff.PaS.Communicator\MedStaff.PaS.Communicator.csproj", "{800659A2-3A36-4DB0-A7C0-35AEF45B83C5}"
EndProject
Project("{FAE04EC0-301F-11D3-BF4B-00C04F79EFBC}") = "MedStaff.ReS.Communicator", "MedStaff.ReS.Communicator\MedStaff.ReS.Communicator.csproj", "{DBF9E297-3A89-4DFB-AD56-4FDADBD3FCB3}"
EndProject
Project("{2150E333-8FDC-42A3-9474-1A3956D46DE8}") = "MedStaff.Domains", "MedStaff.Domains", "{3CA437C6-6F6A-48ED-96BE-775BF44F0D12}"
EndProject
Project("{FAE04EC0-301F-11D3-BF4B-00C04F79EFBC}") = "MedStaff.DaS.Domain", "MedStaff.DaS.Domain\MedStaff.DaS.Domain.csproj", "{FC96EF15-09E7-4245-BE9D-E817B99D6B34}"
EndProject
Project("{FAE04EC0-301F-11D3-BF4B-00C04F79EFBC}") = "MedStaff.PaS.Domain", "MedStaff.PaS.Domain\MedStaff.PaS.Domain.csproj", "{541E807F-6671-45C2-8C0F-8E68E788238E}"
EndProject
Project("{FAE04EC0-301F-11D3-BF4B-00C04F79EFBC}") = "MedStaff.ReS.Domain", "MedStaff.ReS.Domain\MedStaff.ReS.Domain.csproj", "{D086AE9F-76AF-4FF1-B863-D9458E213758}"
EndProject
Project("{2150E333-8FDC-42A3-9474-1A3956D46DE8}") = "MedStaff.Data", "MedStaff.Data", "{12F2B8B9-E0AF-4C88-981C-C907C2EA7EC0}"
EndProject
Project("{FAE04EC0-301F-11D3-BF4B-00C04F79EFBC}") = "MedStaff.DaS.Data", "MedStaff.DaS.Data\MedStaff.DaS.Data.csproj", "{2DC46317-04E3-438A-97B1-983344F74488}"
EndProject
Project("{FAE04EC0-301F-11D3-BF4B-00C04F79EFBC}") = "MedStaff.PaS.Data", "MedStaff.PaS.Data\MedStaff.PaS.Data.csproj", "{AEC2320A-9AAC-4118-B491-3F322EF13976}"
EndProject
Project("{FAE04EC0-301F-11D3-BF4B-00C04F79EFBC}") = "MedStaff.ReS.Data", "MedStaff.ReS.Data\MedStaff.ReS.Data.csproj", "{AFA6F1E8-7A86-4EC9-8E0C-111436B17C4B}"
EndProject
Project("{2150E333-8FDC-42A3-9474-1A3956D46DE8}") = "MedStaff.Infra", "MedStaff.Infra", "{F685B929-134B-48B9-9F84-63CA500A4EC2}"
EndProject
Project("{FAE04EC0-301F-11D3-BF4B-00C04F79EFBC}") = "MedStaff.Infra", "MedStaff.Infra\MedStaff.Infra.csproj", "{8F71B70C-57E4-4BB1-83BE-2A913199C191}"
EndProject
Global
	GlobalSection(SolutionConfigurationPlatforms) = preSolution
		Debug|Any CPU = Debug|Any CPU
		Release|Any CPU = Release|Any CPU
	EndGlobalSection
	GlobalSection(ProjectConfigurationPlatforms) = postSolution
		{5FD0465C-4DC7-4576-AF4E-ADD4D8482A56}.Debug|Any CPU.ActiveCfg = Debug|Any CPU
		{5FD0465C-4DC7-4576-AF4E-ADD4D8482A56}.Debug|Any CPU.Build.0 = Debug|Any CPU
		{5FD0465C-4DC7-4576-AF4E-ADD4D8482A56}.Release|Any CPU.ActiveCfg = Release|Any CPU
		{5FD0465C-4DC7-4576-AF4E-ADD4D8482A56}.Release|Any CPU.Build.0 = Release|Any CPU
		{CFDF6A38-022F-4CD8-834B-D746BAF2C8A6}.Debug|Any CPU.ActiveCfg = Debug|Any CPU
		{CFDF6A38-022F-4CD8-834B-D746BAF2C8A6}.Debug|Any CPU.Build.0 = Debug|Any CPU
		{CFDF6A38-022F-4CD8-834B-D746BAF2C8A6}.Release|Any CPU.ActiveCfg = Release|Any CPU
		{CFDF6A38-022F-4CD8-834B-D746BAF2C8A6}.Release|Any CPU.Build.0 = Release|Any CPU
		{DEDE180A-C32C-46E1-A78F-2D3C94426139}.Debug|Any CPU.ActiveCfg = Debug|Any CPU
		{DEDE180A-C32C-46E1-A78F-2D3C94426139}.Debug|Any CPU.Build.0 = Debug|Any CPU
		{DEDE180A-C32C-46E1-A78F-2D3C94426139}.Release|Any CPU.ActiveCfg = Release|Any CPU
		{DEDE180A-C32C-46E1-A78F-2D3C94426139}.Release|Any CPU.Build.0 = Release|Any CPU
		{800659A2-3A36-4DB0-A7C0-35AEF45B83C5}.Debug|Any CPU.ActiveCfg = Debug|Any CPU
		{800659A2-3A36-4DB0-A7C0-35AEF45B83C5}.Debug|Any CPU.Build.0 = Debug|Any CPU
		{800659A2-3A36-4DB0-A7C0-35AEF45B83C5}.Release|Any CPU.ActiveCfg = Release|Any CPU
		{800659A2-3A36-4DB0-A7C0-35AEF45B83C5}.Release|Any CPU.Build.0 = Release|Any CPU
		{DBF9E297-3A89-4DFB-AD56-4FDADBD3FCB3}.Debug|Any CPU.ActiveCfg = Debug|Any CPU
		{DBF9E297-3A89-4DFB-AD56-4FDADBD3FCB3}.Debug|Any CPU.Build.0 = Debug|Any CPU
		{DBF9E297-3A89-4DFB-AD56-4FDADBD3FCB3}.Release|Any CPU.ActiveCfg = Release|Any CPU
		{DBF9E297-3A89-4DFB-AD56-4FDADBD3FCB3}.Release|Any CPU.Build.0 = Release|Any CPU
		{FC96EF15-09E7-4245-BE9D-E817B99D6B34}.Debug|Any CPU.ActiveCfg = Debug|Any CPU
		{FC96EF15-09E7-4245-BE9D-E817B99D6B34}.Debug|Any CPU.Build.0 = Debug|Any CPU
		{FC96EF15-09E7-4245-BE9D-E817B99D6B34}.Release|Any CPU.ActiveCfg = Release|Any CPU
		{FC96EF15-09E7-4245-BE9D-E817B99D6B34}.Release|Any CPU.Build.0 = Release|Any CPU
		{541E807F-6671-45C2-8C0F-8E68E788238E}.Debug|Any CPU.ActiveCfg = Debug|Any CPU
		{541E807F-6671-45C2-8C0F-8E68E788238E}.Debug|Any CPU.Build.0 = Debug|Any CPU
		{541E807F-6671-45C2-8C0F-8E68E788238E}.Release|Any CPU.ActiveCfg = Release|Any CPU
		{541E807F-6671-45C2-8C0F-8E68E788238E}.Release|Any CPU.Build.0 = Release|Any CPU
		{D086AE9F-76AF-4FF1-B863-D9458E213758}.Debug|Any CPU.ActiveCfg = Debug|Any CPU
		{D086AE9F-76AF-4FF1-B863-D9458E213758}.Debug|Any CPU.Build.0 = Debug|Any CPU
		{D086AE9F-76AF-4FF1-B863-D9458E213758}.Release|Any CPU.ActiveCfg = Release|Any CPU
		{D086AE9F-76AF-4FF1-B863-D9458E213758}.Release|Any CPU.Build.0 = Release|Any CPU
		{2DC46317-04E3-438A-97B1-983344F74488}.Debug|Any CPU.ActiveCfg = Debug|Any CPU
		{2DC46317-04E3-438A-97B1-983344F74488}.Debug|Any CPU.Build.0 = Debug|Any CPU
		{2DC46317-04E3-438A-97B1-983344F74488}.Release|Any CPU.ActiveCfg = Release|Any CPU
		{2DC46317-04E3-438A-97B1-983344F74488}.Release|Any CPU.Build.0 = Release|Any CPU
		{AEC2320A-9AAC-4118-B491-3F322EF13976}.Debug|Any CPU.ActiveCfg = Debug|Any CPU
		{AEC2320A-9AAC-4118-B491-3F322EF13976}.Debug|Any CPU.Build.0 = Debug|Any CPU
		{AEC2320A-9AAC-4118-B491-3F322EF13976}.Release|Any CPU.ActiveCfg = Release|Any CPU
		{AEC2320A-9AAC-4118-B491-3F322EF13976}.Release|Any CPU.Build.0 = Release|Any CPU
		{AFA6F1E8-7A86-4EC9-8E0C-111436B17C4B}.Debug|Any CPU.ActiveCfg = Debug|Any CPU
		{AFA6F1E8-7A86-4EC9-8E0C-111436B17C4B}.Debug|Any CPU.Build.0 = Debug|Any CPU
		{AFA6F1E8-7A86-4EC9-8E0C-111436B17C4B}.Release|Any CPU.ActiveCfg = Release|Any CPU
		{AFA6F1E8-7A86-4EC9-8E0C-111436B17C4B}.Release|Any CPU.Build.0 = Release|Any CPU
		{8F71B70C-57E4-4BB1-83BE-2A913199C191}.Debug|Any CPU.ActiveCfg = Debug|Any CPU
		{8F71B70C-57E4-4BB1-83BE-2A913199C191}.Debug|Any CPU.Build.0 = Debug|Any CPU
		{8F71B70C-57E4-4BB1-83BE-2A913199C191}.Release|Any CPU.ActiveCfg = Release|Any CPU
		{8F71B70C-57E4-4BB1-83BE-2A913199C191}.Release|Any CPU.Build.0 = Release|Any CPU
	EndGlobalSection
	GlobalSection(SolutionProperties) = preSolution
		HideSolutionNode = FALSE
	EndGlobalSection
	GlobalSection(NestedProjects) = preSolution
		{DEDE180A-C32C-46E1-A78F-2D3C94426139} = {389CB236-42BE-43E5-ADC4-9D482DD8FDEB}
		{800659A2-3A36-4DB0-A7C0-35AEF45B83C5} = {389CB236-42BE-43E5-ADC4-9D482DD8FDEB}
		{DBF9E297-3A89-4DFB-AD56-4FDADBD3FCB3} = {389CB236-42BE-43E5-ADC4-9D482DD8FDEB}
		{FC96EF15-09E7-4245-BE9D-E817B99D6B34} = {3CA437C6-6F6A-48ED-96BE-775BF44F0D12}
		{541E807F-6671-45C2-8C0F-8E68E788238E} = {3CA437C6-6F6A-48ED-96BE-775BF44F0D12}
		{D086AE9F-76AF-4FF1-B863-D9458E213758} = {3CA437C6-6F6A-48ED-96BE-775BF44F0D12}
		{2DC46317-04E3-438A-97B1-983344F74488} = {12F2B8B9-E0AF-4C88-981C-C907C2EA7EC0}
		{AEC2320A-9AAC-4118-B491-3F322EF13976} = {12F2B8B9-E0AF-4C88-981C-C907C2EA7EC0}
		{AFA6F1E8-7A86-4EC9-8E0C-111436B17C4B} = {12F2B8B9-E0AF-4C88-981C-C907C2EA7EC0}
		{8F71B70C-57E4-4BB1-83BE-2A913199C191} = {F685B929-134B-48B9-9F84-63CA500A4EC2}
	EndGlobalSection
	GlobalSection(ExtensibilityGlobals) = postSolution
		SolutionGuid = {CE42035B-013E-4FE3-824A-4B61C131DBCF}
	EndGlobalSection
EndGlobal
