
Microsoft Visual Studio Solution File, Format Version 12.00
# Visual Studio Version 17
VisualStudioVersion = 17.7.34024.191
MinimumVisualStudioVersion = 10.0.40219.1
Project("{2150E333-8FDC-42A3-9474-1A3956D46DE8}") = "Solution Configurations", "Solution Configurations", "{29E4F62E-A502-4CEC-853E-9C18CF34379B}"
	ProjectSection(SolutionItems) = preProject
		.editorconfig = .editorconfig
	EndProjectSection
EndProject
Project("{9A19103F-16F7-4668-BE54-9A1E7A4F7556}") = "MedicalStaff.WebService", "MedicalStaff.WebService\MedicalStaff.WebService.csproj", "{5FD0465C-4DC7-4576-AF4E-ADD4D8482A56}"
EndProject
Project("{FAE04EC0-301F-11D3-BF4B-00C04F79EFBC}") = "MedicalStaff.Tests", "MedicalStaff.Tests\MedicalStaff.Tests.csproj", "{CFDF6A38-022F-4CD8-834B-D746BAF2C8A6}"
EndProject
Project("{FAE04EC0-301F-11D3-BF4B-00C04F79EFBC}") = "MedicalStaff", "MedicalStaff\MedicalStaff.csproj", "{DFFC53DA-CD14-41B5-8BC1-5F0C2F926839}"
EndProject
Global
	GlobalSection(SolutionConfigurationPlatforms) = preSolution
		Debug|Any CPU = Debug|Any CPU
		Release|Any CPU = Release|Any CPU
	EndGlobalSection
	GlobalSection(ProjectConfigurationPlatforms) = postSolution
		{5FD0465C-4DC7-4576-AF4E-ADD4D8482A56}.Debug|Any CPU.ActiveCfg = Debug|Any CPU
		{5FD0465C-4DC7-4576-AF4E-ADD4D8482A56}.Debug|Any CPU.Build.0 = Debug|Any CPU
		{5FD0465C-4DC7-4576-AF4E-ADD4D8482A56}.Release|Any CPU.ActiveCfg = Release|Any CPU
		{5FD0465C-4DC7-4576-AF4E-ADD4D8482A56}.Release|Any CPU.Build.0 = Release|Any CPU
		{CFDF6A38-022F-4CD8-834B-D746BAF2C8A6}.Debug|Any CPU.ActiveCfg = Debug|Any CPU
		{CFDF6A38-022F-4CD8-834B-D746BAF2C8A6}.Debug|Any CPU.Build.0 = Debug|Any CPU
		{CFDF6A38-022F-4CD8-834B-D746BAF2C8A6}.Release|Any CPU.ActiveCfg = Release|Any CPU
		{CFDF6A38-022F-4CD8-834B-D746BAF2C8A6}.Release|Any CPU.Build.0 = Release|Any CPU
		{DFFC53DA-CD14-41B5-8BC1-5F0C2F926839}.Debug|Any CPU.ActiveCfg = Debug|Any CPU
		{DFFC53DA-CD14-41B5-8BC1-5F0C2F926839}.Debug|Any CPU.Build.0 = Debug|Any CPU
		{DFFC53DA-CD14-41B5-8BC1-5F0C2F926839}.Release|Any CPU.ActiveCfg = Release|Any CPU
		{DFFC53DA-CD14-41B5-8BC1-5F0C2F926839}.Release|Any CPU.Build.0 = Release|Any CPU
	EndGlobalSection
	GlobalSection(SolutionProperties) = preSolution
		HideSolutionNode = FALSE
	EndGlobalSection
	GlobalSection(ExtensibilityGlobals) = postSolution
		SolutionGuid = {CE42035B-013E-4FE3-824A-4B61C131DBCF}
	EndGlobalSection
EndGlobal
